// !$*UTF8*$!
{
	archiveVersion = 1;
	classes = {
	};
	objectVersion = 56;
	objects = {

/* Begin PBXBuildFile section */
		4D487A0228F431D100A7ED47 /* AppDelegate.swift in Sources */ = {isa = PBXBuildFile; fileRef = 4D487A0128F431D100A7ED47 /* AppDelegate.swift */; };
		4D487A0528F431D100A7ED47 /* Main.storyboard in Resources */ = {isa = PBXBuildFile; fileRef = 4D487A0328F431D100A7ED47 /* Main.storyboard */; };
		4D487A1628F431D100A7ED47 /* PR Hero Extension.appex in Embed Foundation Extensions */ = {isa = PBXBuildFile; fileRef = 4D487A1528F431D100A7ED47 /* PR Hero Extension.appex */; settings = {ATTRIBUTES = (RemoveHeadersOnCopy, ); }; };
		4D487A1D28F431D100A7ED47 /* Main.html in Resources */ = {isa = PBXBuildFile; fileRef = 4D4879D728F431CF00A7ED47 /* Main.html */; };
		4D487A1F28F431D100A7ED47 /* Icon.png in Resources */ = {isa = PBXBuildFile; fileRef = 4D4879D928F431CF00A7ED47 /* Icon.png */; };
		4D487A2128F431D100A7ED47 /* Style.css in Resources */ = {isa = PBXBuildFile; fileRef = 4D4879DA28F431CF00A7ED47 /* Style.css */; };
		4D487A2328F431D100A7ED47 /* Script.js in Resources */ = {isa = PBXBuildFile; fileRef = 4D4879DB28F431CF00A7ED47 /* Script.js */; };
		4D487A2528F431D100A7ED47 /* ViewController.swift in Sources */ = {isa = PBXBuildFile; fileRef = 4D4879DC28F431CF00A7ED47 /* ViewController.swift */; };
		4D487A2728F431D100A7ED47 /* Assets.xcassets in Resources */ = {isa = PBXBuildFile; fileRef = 4D4879DD28F431D000A7ED47 /* Assets.xcassets */; };
		4D487A2928F431D100A7ED47 /* SafariWebExtensionHandler.swift in Sources */ = {isa = PBXBuildFile; fileRef = 4D4879DF28F431D000A7ED47 /* SafariWebExtensionHandler.swift */; };
		4D487A2B28F431D100A7ED47 /* _locales in Resources */ = {isa = PBXBuildFile; fileRef = 4D4879E128F431D000A7ED47 /* _locales */; };
		4D487A2D28F431D100A7ED47 /* images in Resources */ = {isa = PBXBuildFile; fileRef = 4D4879E228F431D000A7ED47 /* images */; };
		4D487A2F28F431D100A7ED47 /* manifest.json in Resources */ = {isa = PBXBuildFile; fileRef = 4D4879E328F431D000A7ED47 /* manifest.json */; };
		4D487A3328F431D100A7ED47 /* content.js in Resources */ = {isa = PBXBuildFile; fileRef = 4D4879E528F431D000A7ED47 /* content.js */; };
/* End PBXBuildFile section */

/* Begin PBXContainerItemProxy section */
		4D487A1728F431D100A7ED47 /* PBXContainerItemProxy */ = {
			isa = PBXContainerItemProxy;
			containerPortal = 4D4879D128F431CF00A7ED47 /* Project object */;
			proxyType = 1;
			remoteGlobalIDString = 4D487A1428F431D100A7ED47;
			remoteInfo = "PR Hero Extension (macOS)";
		};
/* End PBXContainerItemProxy section */

/* Begin PBXCopyFilesBuildPhase section */
		4D487A4628F431D100A7ED47 /* Embed Foundation Extensions */ = {
			isa = PBXCopyFilesBuildPhase;
			buildActionMask = 2147483647;
			dstPath = "";
			dstSubfolderSpec = 13;
			files = (
				4D487A1628F431D100A7ED47 /* PR Hero Extension.appex in Embed Foundation Extensions */,
			);
			name = "Embed Foundation Extensions";
			runOnlyForDeploymentPostprocessing = 0;
		};
/* End PBXCopyFilesBuildPhase section */

/* Begin PBXFileReference section */
		4D4879D828F431CF00A7ED47 /* Base */ = {isa = PBXFileReference; lastKnownFileType = text.html; name = Base; path = ../Base.lproj/Main.html; sourceTree = "<group>"; };
		4D4879D928F431CF00A7ED47 /* Icon.png */ = {isa = PBXFileReference; lastKnownFileType = image.png; path = Icon.png; sourceTree = "<group>"; };
		4D4879DA28F431CF00A7ED47 /* Style.css */ = {isa = PBXFileReference; lastKnownFileType = text.css; path = Style.css; sourceTree = "<group>"; };
		4D4879DB28F431CF00A7ED47 /* Script.js */ = {isa = PBXFileReference; lastKnownFileType = sourcecode.javascript; path = Script.js; sourceTree = "<group>"; };
		4D4879DC28F431CF00A7ED47 /* ViewController.swift */ = {isa = PBXFileReference; lastKnownFileType = sourcecode.swift; path = ViewController.swift; sourceTree = "<group>"; };
		4D4879DD28F431D000A7ED47 /* Assets.xcassets */ = {isa = PBXFileReference; lastKnownFileType = folder.assetcatalog; path = Assets.xcassets; sourceTree = "<group>"; };
		4D4879DF28F431D000A7ED47 /* SafariWebExtensionHandler.swift */ = {isa = PBXFileReference; lastKnownFileType = sourcecode.swift; path = SafariWebExtensionHandler.swift; sourceTree = "<group>"; };
		4D4879E128F431D000A7ED47 /* _locales */ = {isa = PBXFileReference; lastKnownFileType = folder; path = _locales; sourceTree = "<group>"; };
		4D4879E228F431D000A7ED47 /* images */ = {isa = PBXFileReference; lastKnownFileType = folder; path = images; sourceTree = "<group>"; };
		4D4879E328F431D000A7ED47 /* manifest.json */ = {isa = PBXFileReference; lastKnownFileType = text.json; path = manifest.json; sourceTree = "<group>"; };
		4D4879E528F431D000A7ED47 /* content.js */ = {isa = PBXFileReference; lastKnownFileType = sourcecode.javascript; path = content.js; sourceTree = "<group>"; };
		4D4879FF28F431D100A7ED47 /* PR Hero.app */ = {isa = PBXFileReference; explicitFileType = wrapper.application; includeInIndex = 0; path = "PR Hero.app"; sourceTree = BUILT_PRODUCTS_DIR; };
		4D487A0128F431D100A7ED47 /* AppDelegate.swift */ = {isa = PBXFileReference; lastKnownFileType = sourcecode.swift; path = AppDelegate.swift; sourceTree = "<group>"; };
		4D487A0428F431D100A7ED47 /* Base */ = {isa = PBXFileReference; lastKnownFileType = file.storyboard; name = Base; path = Base.lproj/Main.storyboard; sourceTree = "<group>"; };
		4D487A0628F431D100A7ED47 /* PR Hero.entitlements */ = {isa = PBXFileReference; lastKnownFileType = text.plist.entitlements; path = "PR Hero.entitlements"; sourceTree = "<group>"; };
		4D487A1528F431D100A7ED47 /* PR Hero Extension.appex */ = {isa = PBXFileReference; explicitFileType = "wrapper.app-extension"; includeInIndex = 0; path = "PR Hero Extension.appex"; sourceTree = BUILT_PRODUCTS_DIR; };
		4D487A1A28F431D100A7ED47 /* Info.plist */ = {isa = PBXFileReference; lastKnownFileType = text.plist.xml; path = Info.plist; sourceTree = "<group>"; };
		4D487A1B28F431D100A7ED47 /* PR Hero.entitlements */ = {isa = PBXFileReference; lastKnownFileType = text.plist.entitlements; path = "PR Hero.entitlements"; sourceTree = "<group>"; };
		4D487A4B28F4431800A7ED47 /* README.md */ = {isa = PBXFileReference; lastKnownFileType = net.daringfireball.markdown; path = README.md; sourceTree = "<group>"; };
		4D487A4D28F4438F00A7ED47 /* screenshot.png */ = {isa = PBXFileReference; lastKnownFileType = image.png; name = screenshot.png; path = ../../../../Desktop/screenshot.png; sourceTree = "<group>"; };
		4D487A4E28F4439000A7ED47 /* screenshot2.png */ = {isa = PBXFileReference; lastKnownFileType = image.png; name = screenshot2.png; path = ../../../../Desktop/screenshot2.png; sourceTree = "<group>"; };
/* End PBXFileReference section */

/* Begin PBXFrameworksBuildPhase section */
		4D4879FC28F431D100A7ED47 /* Frameworks */ = {
			isa = PBXFrameworksBuildPhase;
			buildActionMask = 2147483647;
			files = (
			);
			runOnlyForDeploymentPostprocessing = 0;
		};
		4D487A1228F431D100A7ED47 /* Frameworks */ = {
			isa = PBXFrameworksBuildPhase;
			buildActionMask = 2147483647;
			files = (
			);
			runOnlyForDeploymentPostprocessing = 0;
		};
/* End PBXFrameworksBuildPhase section */

/* Begin PBXGroup section */
		4D4879D028F431CF00A7ED47 = {
			isa = PBXGroup;
			children = (
				4D487A4C28F4437E00A7ED47 /* Resources */,
				4D487A4B28F4431800A7ED47 /* README.md */,
				4D4879D528F431CF00A7ED47 /* Shared (App) */,
				4D4879DE28F431D000A7ED47 /* Shared (Extension) */,
				4D487A0028F431D100A7ED47 /* macOS (App) */,
				4D487A1928F431D100A7ED47 /* macOS (Extension) */,
				4D4879EE28F431D100A7ED47 /* Products */,
			);
			sourceTree = "<group>";
		};
		4D4879D528F431CF00A7ED47 /* Shared (App) */ = {
			isa = PBXGroup;
			children = (
				4D4879DC28F431CF00A7ED47 /* ViewController.swift */,
				4D4879DD28F431D000A7ED47 /* Assets.xcassets */,
				4D4879D628F431CF00A7ED47 /* Resources */,
			);
			path = "Shared (App)";
			sourceTree = "<group>";
		};
		4D4879D628F431CF00A7ED47 /* Resources */ = {
			isa = PBXGroup;
			children = (
				4D4879D728F431CF00A7ED47 /* Main.html */,
				4D4879D928F431CF00A7ED47 /* Icon.png */,
				4D4879DA28F431CF00A7ED47 /* Style.css */,
				4D4879DB28F431CF00A7ED47 /* Script.js */,
			);
			path = Resources;
			sourceTree = "<group>";
		};
		4D4879DE28F431D000A7ED47 /* Shared (Extension) */ = {
			isa = PBXGroup;
			children = (
				4D4879DF28F431D000A7ED47 /* SafariWebExtensionHandler.swift */,
				4D4879E028F431D000A7ED47 /* Resources */,
			);
			path = "Shared (Extension)";
			sourceTree = "<group>";
		};
		4D4879E028F431D000A7ED47 /* Resources */ = {
			isa = PBXGroup;
			children = (
				4D4879E128F431D000A7ED47 /* _locales */,
				4D4879E228F431D000A7ED47 /* images */,
				4D4879E328F431D000A7ED47 /* manifest.json */,
				4D4879E528F431D000A7ED47 /* content.js */,
			);
			path = Resources;
			sourceTree = "<group>";
		};
		4D4879EE28F431D100A7ED47 /* Products */ = {
			isa = PBXGroup;
			children = (
				4D4879FF28F431D100A7ED47 /* PR Hero.app */,
				4D487A1528F431D100A7ED47 /* PR Hero Extension.appex */,
			);
			name = Products;
			sourceTree = "<group>";
		};
		4D487A0028F431D100A7ED47 /* macOS (App) */ = {
			isa = PBXGroup;
			children = (
				4D487A0128F431D100A7ED47 /* AppDelegate.swift */,
				4D487A0328F431D100A7ED47 /* Main.storyboard */,
				4D487A0628F431D100A7ED47 /* PR Hero.entitlements */,
			);
			path = "macOS (App)";
			sourceTree = "<group>";
		};
		4D487A1928F431D100A7ED47 /* macOS (Extension) */ = {
			isa = PBXGroup;
			children = (
				4D487A1A28F431D100A7ED47 /* Info.plist */,
				4D487A1B28F431D100A7ED47 /* PR Hero.entitlements */,
			);
			path = "macOS (Extension)";
			sourceTree = "<group>";
		};
		4D487A4C28F4437E00A7ED47 /* Resources */ = {
			isa = PBXGroup;
			children = (
				4D487A4D28F4438F00A7ED47 /* screenshot.png */,
				4D487A4E28F4439000A7ED47 /* screenshot2.png */,
			);
			path = Resources;
			sourceTree = "<group>";
		};
/* End PBXGroup section */

/* Begin PBXNativeTarget section */
		4D4879FE28F431D100A7ED47 /* PR Hero (macOS) */ = {
			isa = PBXNativeTarget;
			buildConfigurationList = 4D487A4728F431D100A7ED47 /* Build configuration list for PBXNativeTarget "PR Hero (macOS)" */;
			buildPhases = (
				4D4879FB28F431D100A7ED47 /* Sources */,
				4D4879FC28F431D100A7ED47 /* Frameworks */,
				4D4879FD28F431D100A7ED47 /* Resources */,
				4D487A4628F431D100A7ED47 /* Embed Foundation Extensions */,
			);
			buildRules = (
			);
			dependencies = (
				4D487A1828F431D100A7ED47 /* PBXTargetDependency */,
			);
			name = "PR Hero (macOS)";
			productName = "PR Hero (macOS)";
			productReference = 4D4879FF28F431D100A7ED47 /* PR Hero.app */;
			productType = "com.apple.product-type.application";
		};
		4D487A1428F431D100A7ED47 /* PR Hero Extension (macOS) */ = {
			isa = PBXNativeTarget;
			buildConfigurationList = 4D487A4328F431D100A7ED47 /* Build configuration list for PBXNativeTarget "PR Hero Extension (macOS)" */;
			buildPhases = (
				4D487A1128F431D100A7ED47 /* Sources */,
				4D487A1228F431D100A7ED47 /* Frameworks */,
				4D487A1328F431D100A7ED47 /* Resources */,
			);
			buildRules = (
			);
			dependencies = (
			);
			name = "PR Hero Extension (macOS)";
			productName = "PR Hero Extension (macOS)";
			productReference = 4D487A1528F431D100A7ED47 /* PR Hero Extension.appex */;
			productType = "com.apple.product-type.app-extension";
		};
/* End PBXNativeTarget section */

/* Begin PBXProject section */
		4D4879D128F431CF00A7ED47 /* Project object */ = {
			isa = PBXProject;
			attributes = {
				BuildIndependentTargetsInParallel = 1;
				LastSwiftUpdateCheck = 1400;
				LastUpgradeCheck = 1400;
				TargetAttributes = {
					4D4879FE28F431D100A7ED47 = {
						CreatedOnToolsVersion = 14.0;
					};
					4D487A1428F431D100A7ED47 = {
						CreatedOnToolsVersion = 14.0;
					};
				};
			};
			buildConfigurationList = 4D4879D428F431CF00A7ED47 /* Build configuration list for PBXProject "PR Hero" */;
			compatibilityVersion = "Xcode 14.0";
			developmentRegion = en;
			hasScannedForEncodings = 0;
			knownRegions = (
				en,
				Base,
			);
			mainGroup = 4D4879D028F431CF00A7ED47;
			productRefGroup = 4D4879EE28F431D100A7ED47 /* Products */;
			projectDirPath = "";
			projectRoot = "";
			targets = (
				4D4879FE28F431D100A7ED47 /* PR Hero (macOS) */,
				4D487A1428F431D100A7ED47 /* PR Hero Extension (macOS) */,
			);
		};
/* End PBXProject section */

/* Begin PBXResourcesBuildPhase section */
		4D4879FD28F431D100A7ED47 /* Resources */ = {
			isa = PBXResourcesBuildPhase;
			buildActionMask = 2147483647;
			files = (
				4D487A1F28F431D100A7ED47 /* Icon.png in Resources */,
				4D487A2128F431D100A7ED47 /* Style.css in Resources */,
				4D487A0528F431D100A7ED47 /* Main.storyboard in Resources */,
				4D487A2328F431D100A7ED47 /* Script.js in Resources */,
				4D487A2728F431D100A7ED47 /* Assets.xcassets in Resources */,
				4D487A1D28F431D100A7ED47 /* Main.html in Resources */,
			);
			runOnlyForDeploymentPostprocessing = 0;
		};
		4D487A1328F431D100A7ED47 /* Resources */ = {
			isa = PBXResourcesBuildPhase;
			buildActionMask = 2147483647;
			files = (
				4D487A2D28F431D100A7ED47 /* images in Resources */,
				4D487A2F28F431D100A7ED47 /* manifest.json in Resources */,
				4D487A2B28F431D100A7ED47 /* _locales in Resources */,
				4D487A3328F431D100A7ED47 /* content.js in Resources */,
			);
			runOnlyForDeploymentPostprocessing = 0;
		};
/* End PBXResourcesBuildPhase section */

/* Begin PBXSourcesBuildPhase section */
		4D4879FB28F431D100A7ED47 /* Sources */ = {
			isa = PBXSourcesBuildPhase;
			buildActionMask = 2147483647;
			files = (
				4D487A2528F431D100A7ED47 /* ViewController.swift in Sources */,
				4D487A0228F431D100A7ED47 /* AppDelegate.swift in Sources */,
			);
			runOnlyForDeploymentPostprocessing = 0;
		};
		4D487A1128F431D100A7ED47 /* Sources */ = {
			isa = PBXSourcesBuildPhase;
			buildActionMask = 2147483647;
			files = (
				4D487A2928F431D100A7ED47 /* SafariWebExtensionHandler.swift in Sources */,
			);
			runOnlyForDeploymentPostprocessing = 0;
		};
/* End PBXSourcesBuildPhase section */

/* Begin PBXTargetDependency section */
		4D487A1828F431D100A7ED47 /* PBXTargetDependency */ = {
			isa = PBXTargetDependency;
			target = 4D487A1428F431D100A7ED47 /* PR Hero Extension (macOS) */;
			targetProxy = 4D487A1728F431D100A7ED47 /* PBXContainerItemProxy */;
		};
/* End PBXTargetDependency section */

/* Begin PBXVariantGroup section */
		4D4879D728F431CF00A7ED47 /* Main.html */ = {
			isa = PBXVariantGroup;
			children = (
				4D4879D828F431CF00A7ED47 /* Base */,
			);
			name = Main.html;
			sourceTree = "<group>";
		};
		4D487A0328F431D100A7ED47 /* Main.storyboard */ = {
			isa = PBXVariantGroup;
			children = (
				4D487A0428F431D100A7ED47 /* Base */,
			);
			name = Main.storyboard;
			sourceTree = "<group>";
		};
/* End PBXVariantGroup section */

/* Begin XCBuildConfiguration section */
		4D487A3A28F431D100A7ED47 /* Debug */ = {
			isa = XCBuildConfiguration;
			buildSettings = {
				ALWAYS_SEARCH_USER_PATHS = NO;
				CLANG_ANALYZER_NONNULL = YES;
				CLANG_ANALYZER_NUMBER_OBJECT_CONVERSION = YES_AGGRESSIVE;
				CLANG_CXX_LANGUAGE_STANDARD = "gnu++20";
				CLANG_ENABLE_MODULES = YES;
				CLANG_ENABLE_OBJC_ARC = YES;
				CLANG_ENABLE_OBJC_WEAK = YES;
				CLANG_WARN_BLOCK_CAPTURE_AUTORELEASING = YES;
				CLANG_WARN_BOOL_CONVERSION = YES;
				CLANG_WARN_COMMA = YES;
				CLANG_WARN_CONSTANT_CONVERSION = YES;
				CLANG_WARN_DEPRECATED_OBJC_IMPLEMENTATIONS = YES;
				CLANG_WARN_DIRECT_OBJC_ISA_USAGE = YES_ERROR;
				CLANG_WARN_DOCUMENTATION_COMMENTS = YES;
				CLANG_WARN_EMPTY_BODY = YES;
				CLANG_WARN_ENUM_CONVERSION = YES;
				CLANG_WARN_INFINITE_RECURSION = YES;
				CLANG_WARN_INT_CONVERSION = YES;
				CLANG_WARN_NON_LITERAL_NULL_CONVERSION = YES;
				CLANG_WARN_OBJC_IMPLICIT_RETAIN_SELF = YES;
				CLANG_WARN_OBJC_LITERAL_CONVERSION = YES;
				CLANG_WARN_OBJC_ROOT_CLASS = YES_ERROR;
				CLANG_WARN_QUOTED_INCLUDE_IN_FRAMEWORK_HEADER = YES;
				CLANG_WARN_RANGE_LOOP_ANALYSIS = YES;
				CLANG_WARN_STRICT_PROTOTYPES = YES;
				CLANG_WARN_SUSPICIOUS_MOVE = YES;
				CLANG_WARN_UNGUARDED_AVAILABILITY = YES_AGGRESSIVE;
				CLANG_WARN_UNREACHABLE_CODE = YES;
				CLANG_WARN__DUPLICATE_METHOD_MATCH = YES;
				COPY_PHASE_STRIP = NO;
				DEBUG_INFORMATION_FORMAT = dwarf;
				ENABLE_STRICT_OBJC_MSGSEND = YES;
				ENABLE_TESTABILITY = YES;
				GCC_C_LANGUAGE_STANDARD = gnu11;
				GCC_DYNAMIC_NO_PIC = NO;
				GCC_NO_COMMON_BLOCKS = YES;
				GCC_OPTIMIZATION_LEVEL = 0;
				GCC_PREPROCESSOR_DEFINITIONS = (
					"DEBUG=1",
					"$(inherited)",
				);
				GCC_WARN_64_TO_32_BIT_CONVERSION = YES;
				GCC_WARN_ABOUT_RETURN_TYPE = YES_ERROR;
				GCC_WARN_UNDECLARED_SELECTOR = YES;
				GCC_WARN_UNINITIALIZED_AUTOS = YES_AGGRESSIVE;
				GCC_WARN_UNUSED_FUNCTION = YES;
				GCC_WARN_UNUSED_VARIABLE = YES;
				MTL_ENABLE_DEBUG_INFO = INCLUDE_SOURCE;
				MTL_FAST_MATH = YES;
				ONLY_ACTIVE_ARCH = YES;
				SWIFT_ACTIVE_COMPILATION_CONDITIONS = DEBUG;
				SWIFT_OPTIMIZATION_LEVEL = "-Onone";
			};
			name = Debug;
		};
		4D487A3B28F431D100A7ED47 /* Release */ = {
			isa = XCBuildConfiguration;
			buildSettings = {
				ALWAYS_SEARCH_USER_PATHS = NO;
				CLANG_ANALYZER_NONNULL = YES;
				CLANG_ANALYZER_NUMBER_OBJECT_CONVERSION = YES_AGGRESSIVE;
				CLANG_CXX_LANGUAGE_STANDARD = "gnu++20";
				CLANG_ENABLE_MODULES = YES;
				CLANG_ENABLE_OBJC_ARC = YES;
				CLANG_ENABLE_OBJC_WEAK = YES;
				CLANG_WARN_BLOCK_CAPTURE_AUTORELEASING = YES;
				CLANG_WARN_BOOL_CONVERSION = YES;
				CLANG_WARN_COMMA = YES;
				CLANG_WARN_CONSTANT_CONVERSION = YES;
				CLANG_WARN_DEPRECATED_OBJC_IMPLEMENTATIONS = YES;
				CLANG_WARN_DIRECT_OBJC_ISA_USAGE = YES_ERROR;
				CLANG_WARN_DOCUMENTATION_COMMENTS = YES;
				CLANG_WARN_EMPTY_BODY = YES;
				CLANG_WARN_ENUM_CONVERSION = YES;
				CLANG_WARN_INFINITE_RECURSION = YES;
				CLANG_WARN_INT_CONVERSION = YES;
				CLANG_WARN_NON_LITERAL_NULL_CONVERSION = YES;
				CLANG_WARN_OBJC_IMPLICIT_RETAIN_SELF = YES;
				CLANG_WARN_OBJC_LITERAL_CONVERSION = YES;
				CLANG_WARN_OBJC_ROOT_CLASS = YES_ERROR;
				CLANG_WARN_QUOTED_INCLUDE_IN_FRAMEWORK_HEADER = YES;
				CLANG_WARN_RANGE_LOOP_ANALYSIS = YES;
				CLANG_WARN_STRICT_PROTOTYPES = YES;
				CLANG_WARN_SUSPICIOUS_MOVE = YES;
				CLANG_WARN_UNGUARDED_AVAILABILITY = YES_AGGRESSIVE;
				CLANG_WARN_UNREACHABLE_CODE = YES;
				CLANG_WARN__DUPLICATE_METHOD_MATCH = YES;
				COPY_PHASE_STRIP = NO;
				DEBUG_INFORMATION_FORMAT = "dwarf-with-dsym";
				ENABLE_NS_ASSERTIONS = NO;
				ENABLE_STRICT_OBJC_MSGSEND = YES;
				GCC_C_LANGUAGE_STANDARD = gnu11;
				GCC_NO_COMMON_BLOCKS = YES;
				GCC_WARN_64_TO_32_BIT_CONVERSION = YES;
				GCC_WARN_ABOUT_RETURN_TYPE = YES_ERROR;
				GCC_WARN_UNDECLARED_SELECTOR = YES;
				GCC_WARN_UNINITIALIZED_AUTOS = YES_AGGRESSIVE;
				GCC_WARN_UNUSED_FUNCTION = YES;
				GCC_WARN_UNUSED_VARIABLE = YES;
				MTL_ENABLE_DEBUG_INFO = NO;
				MTL_FAST_MATH = YES;
				SWIFT_COMPILATION_MODE = wholemodule;
				SWIFT_OPTIMIZATION_LEVEL = "-O";
			};
			name = Release;
		};
		4D487A4428F431D100A7ED47 /* Debug */ = {
			isa = XCBuildConfiguration;
			buildSettings = {
				CODE_SIGN_ENTITLEMENTS = "macOS (Extension)/PR Hero.entitlements";
				"CODE_SIGN_IDENTITY[sdk=macosx*]" = "Apple Development";
				CODE_SIGN_STYLE = Automatic;
				CURRENT_PROJECT_VERSION = 1;
				DEVELOPMENT_TEAM = 6362YD9Z45;
				ENABLE_HARDENED_RUNTIME = YES;
				GENERATE_INFOPLIST_FILE = YES;
				INFOPLIST_FILE = "macOS (Extension)/Info.plist";
				INFOPLIST_KEY_CFBundleDisplayName = "PR Hero Extension";
				INFOPLIST_KEY_NSHumanReadableCopyright = "";
				LD_RUNPATH_SEARCH_PATHS = (
					"$(inherited)",
					"@executable_path/../Frameworks",
					"@executable_path/../../../../Frameworks",
				);
				MACOSX_DEPLOYMENT_TARGET = 10.14;
				MARKETING_VERSION = 1.0;
				OTHER_LDFLAGS = (
					"-framework",
					SafariServices,
				);
				PRODUCT_BUNDLE_IDENTIFIER = "com.nitza.PR-Hero.Extension";
				PRODUCT_NAME = "PR Hero Extension";
				SDKROOT = macosx;
				SKIP_INSTALL = YES;
				SWIFT_EMIT_LOC_STRINGS = YES;
				SWIFT_VERSION = 5.0;
			};
			name = Debug;
		};
		4D487A4528F431D100A7ED47 /* Release */ = {
			isa = XCBuildConfiguration;
			buildSettings = {
				CODE_SIGN_ENTITLEMENTS = "macOS (Extension)/PR Hero.entitlements";
				"CODE_SIGN_IDENTITY[sdk=macosx*]" = "Apple Development";
				CODE_SIGN_STYLE = Automatic;
				CURRENT_PROJECT_VERSION = 1;
				DEVELOPMENT_TEAM = 6362YD9Z45;
				ENABLE_HARDENED_RUNTIME = YES;
				GENERATE_INFOPLIST_FILE = YES;
				INFOPLIST_FILE = "macOS (Extension)/Info.plist";
				INFOPLIST_KEY_CFBundleDisplayName = "PR Hero Extension";
				INFOPLIST_KEY_NSHumanReadableCopyright = "";
				LD_RUNPATH_SEARCH_PATHS = (
					"$(inherited)",
					"@executable_path/../Frameworks",
					"@executable_path/../../../../Frameworks",
				);
				MACOSX_DEPLOYMENT_TARGET = 10.14;
				MARKETING_VERSION = 1.0;
				OTHER_LDFLAGS = (
					"-framework",
					SafariServices,
				);
				PRODUCT_BUNDLE_IDENTIFIER = "com.nitza.PR-Hero.Extension";
				PRODUCT_NAME = "PR Hero Extension";
				SDKROOT = macosx;
				SKIP_INSTALL = YES;
				SWIFT_EMIT_LOC_STRINGS = YES;
				SWIFT_VERSION = 5.0;
			};
			name = Release;
		};
		4D487A4828F431D100A7ED47 /* Debug */ = {
			isa = XCBuildConfiguration;
			buildSettings = {
				ALWAYS_EMBED_SWIFT_STANDARD_LIBRARIES = YES;
				ASSETCATALOG_COMPILER_APPICON_NAME = AppIcon;
				ASSETCATALOG_COMPILER_GLOBAL_ACCENT_COLOR_NAME = AccentColor;
				ASSETCATALOG_COMPILER_INCLUDE_ALL_APPICON_ASSETS = YES;
				CODE_SIGN_ENTITLEMENTS = "macOS (App)/PR Hero.entitlements";
				CODE_SIGN_STYLE = Automatic;
				CURRENT_PROJECT_VERSION = 1;
				DEVELOPMENT_TEAM = 6362YD9Z45;
				ENABLE_HARDENED_RUNTIME = YES;
				GENERATE_INFOPLIST_FILE = YES;
				INFOPLIST_KEY_CFBundleDisplayName = "PR Hero";
				INFOPLIST_KEY_LSApplicationCategoryType = "public.app-category.developer-tools";
				INFOPLIST_KEY_NSMainStoryboardFile = Main;
				INFOPLIST_KEY_NSPrincipalClass = NSApplication;
				LD_RUNPATH_SEARCH_PATHS = (
					"$(inherited)",
					"@executable_path/../Frameworks",
				);
				MACOSX_DEPLOYMENT_TARGET = 10.14;
				MARKETING_VERSION = 1.1;
				OTHER_LDFLAGS = (
					"-framework",
					SafariServices,
					"-framework",
					WebKit,
				);
				PRODUCT_BUNDLE_IDENTIFIER = "com.nitza.PR-Hero";
				PRODUCT_NAME = "PR Hero";
				SDKROOT = macosx;
				SWIFT_EMIT_LOC_STRINGS = YES;
				SWIFT_VERSION = 5.0;
			};
			name = Debug;
		};
		4D487A4928F431D100A7ED47 /* Release */ = {
			isa = XCBuildConfiguration;
			buildSettings = {
				ALWAYS_EMBED_SWIFT_STANDARD_LIBRARIES = YES;
				ASSETCATALOG_COMPILER_APPICON_NAME = AppIcon;
				ASSETCATALOG_COMPILER_GLOBAL_ACCENT_COLOR_NAME = AccentColor;
				ASSETCATALOG_COMPILER_INCLUDE_ALL_APPICON_ASSETS = YES;
				CODE_SIGN_ENTITLEMENTS = "macOS (App)/PR Hero.entitlements";
				CODE_SIGN_STYLE = Automatic;
				CURRENT_PROJECT_VERSION = 1;
				DEVELOPMENT_TEAM = 6362YD9Z45;
				ENABLE_HARDENED_RUNTIME = YES;
				GENERATE_INFOPLIST_FILE = YES;
				INFOPLIST_KEY_CFBundleDisplayName = "PR Hero";
				INFOPLIST_KEY_LSApplicationCategoryType = "public.app-category.developer-tools";
				INFOPLIST_KEY_NSMainStoryboardFile = Main;
				INFOPLIST_KEY_NSPrincipalClass = NSApplication;
				LD_RUNPATH_SEARCH_PATHS = (
					"$(inherited)",
					"@executable_path/../Frameworks",
				);
				MACOSX_DEPLOYMENT_TARGET = 10.14;
				MARKETING_VERSION = 1.1;
				OTHER_LDFLAGS = (
					"-framework",
					SafariServices,
					"-framework",
					WebKit,
				);
				PRODUCT_BUNDLE_IDENTIFIER = "com.nitza.PR-Hero";
				PRODUCT_NAME = "PR Hero";
				SDKROOT = macosx;
				SWIFT_EMIT_LOC_STRINGS = YES;
				SWIFT_VERSION = 5.0;
			};
			name = Release;
		};
/* End XCBuildConfiguration section */

/* Begin XCConfigurationList section */
		4D4879D428F431CF00A7ED47 /* Build configuration list for PBXProject "PR Hero" */ = {
			isa = XCConfigurationList;
			buildConfigurations = (
				4D487A3A28F431D100A7ED47 /* Debug */,
				4D487A3B28F431D100A7ED47 /* Release */,
			);
			defaultConfigurationIsVisible = 0;
			defaultConfigurationName = Release;
		};
		4D487A4328F431D100A7ED47 /* Build configuration list for PBXNativeTarget "PR Hero Extension (macOS)" */ = {
			isa = XCConfigurationList;
			buildConfigurations = (
				4D487A4428F431D100A7ED47 /* Debug */,
				4D487A4528F431D100A7ED47 /* Release */,
			);
			defaultConfigurationIsVisible = 0;
			defaultConfigurationName = Release;
		};
		4D487A4728F431D100A7ED47 /* Build configuration list for PBXNativeTarget "PR Hero (macOS)" */ = {
			isa = XCConfigurationList;
			buildConfigurations = (
				4D487A4828F431D100A7ED47 /* Debug */,
				4D487A4928F431D100A7ED47 /* Release */,
			);
			defaultConfigurationIsVisible = 0;
			defaultConfigurationName = Release;
		};
/* End XCConfigurationList section */
	};
	rootObject = 4D4879D128F431CF00A7ED47 /* Project object */;
}
